// !$*UTF8*$!
{
	archiveVersion = 1;
	classes = {
	};
	objectVersion = 50;
	objects = {

/* Begin PBXBuildFile section */
		08EFC1502AA583D90015C6A8 /* Tests_iOS.swift in Sources */ = {isa = PBXBuildFile; fileRef = 08EFC14F2AA583D90015C6A8 /* Tests_iOS.swift */; };
		08EFC15B2AA583D90015C6A8 /* Tests_macOS.swift in Sources */ = {isa = PBXBuildFile; fileRef = 08EFC15A2AA583D90015C6A8 /* Tests_macOS.swift */; };
		08EFC15D2AA583D90015C6A8 /* TestApp.swift in Sources */ = {isa = PBXBuildFile; fileRef = 08EFC1342AA583D60015C6A8 /* TestApp.swift */; };
		08EFC15E2AA583D90015C6A8 /* TestApp.swift in Sources */ = {isa = PBXBuildFile; fileRef = 08EFC1342AA583D60015C6A8 /* TestApp.swift */; };
		08EFC15F2AA583D90015C6A8 /* ContentView.swift in Sources */ = {isa = PBXBuildFile; fileRef = 08EFC1352AA583D60015C6A8 /* ContentView.swift */; };
		08EFC1602AA583D90015C6A8 /* ContentView.swift in Sources */ = {isa = PBXBuildFile; fileRef = 08EFC1352AA583D60015C6A8 /* ContentView.swift */; };
		08EFC1612AA583D90015C6A8 /* Assets.xcassets in Resources */ = {isa = PBXBuildFile; fileRef = 08EFC1362AA583D90015C6A8 /* Assets.xcassets */; };
		08EFC1622AA583D90015C6A8 /* Assets.xcassets in Resources */ = {isa = PBXBuildFile; fileRef = 08EFC1362AA583D90015C6A8 /* Assets.xcassets */; };
/* End PBXBuildFile section */

/* Begin PBXContainerItemProxy section */
		08EFC14C2AA583D90015C6A8 /* PBXContainerItemProxy */ = {
			isa = PBXContainerItemProxy;
			containerPortal = 08EFC12F2AA583D60015C6A8 /* Project object */;
			proxyType = 1;
			remoteGlobalIDString = 08EFC13A2AA583D90015C6A8;
			remoteInfo = "Test (iOS)";
		};
		08EFC1572AA583D90015C6A8 /* PBXContainerItemProxy */ = {
			isa = PBXContainerItemProxy;
			containerPortal = 08EFC12F2AA583D60015C6A8 /* Project object */;
			proxyType = 1;
			remoteGlobalIDString = 08EFC1422AA583D90015C6A8;
			remoteInfo = "Test (macOS)";
		};
/* End PBXContainerItemProxy section */

/* Begin PBXFileReference section */
		08EFC1342AA583D60015C6A8 /* TestApp.swift */ = {isa = PBXFileReference; lastKnownFileType = sourcecode.swift; path = TestApp.swift; sourceTree = "<group>"; };
		08EFC1352AA583D60015C6A8 /* ContentView.swift */ = {isa = PBXFileReference; lastKnownFileType = sourcecode.swift; path = ContentView.swift; sourceTree = "<group>"; };
		08EFC1362AA583D90015C6A8 /* Assets.xcassets */ = {isa = PBXFileReference; lastKnownFileType = folder.assetcatalog; path = Assets.xcassets; sourceTree = "<group>"; };
		08EFC13B2AA583D90015C6A8 /* Test.app */ = {isa = PBXFileReference; explicitFileType = wrapper.application; includeInIndex = 0; path = Test.app; sourceTree = BUILT_PRODUCTS_DIR; };
		08EFC13E2AA583D90015C6A8 /* Info.plist */ = {isa = PBXFileReference; lastKnownFileType = text.plist.xml; path = Info.plist; sourceTree = "<group>"; };
		08EFC1432AA583D90015C6A8 /* Test.app */ = {isa = PBXFileReference; explicitFileType = wrapper.application; includeInIndex = 0; path = Test.app; sourceTree = BUILT_PRODUCTS_DIR; };
		08EFC1452AA583D90015C6A8 /* Info.plist */ = {isa = PBXFileReference; lastKnownFileType = text.plist.xml; path = Info.plist; sourceTree = "<group>"; };
		08EFC1462AA583D90015C6A8 /* macOS.entitlements */ = {isa = PBXFileReference; lastKnownFileType = text.plist.entitlements; path = macOS.entitlements; sourceTree = "<group>"; };
		08EFC14B2AA583D90015C6A8 /* Tests iOS.xctest */ = {isa = PBXFileReference; explicitFileType = wrapper.cfbundle; includeInIndex = 0; path = "Tests iOS.xctest"; sourceTree = BUILT_PRODUCTS_DIR; };
		08EFC14F2AA583D90015C6A8 /* Tests_iOS.swift */ = {isa = PBXFileReference; lastKnownFileType = sourcecode.swift; path = Tests_iOS.swift; sourceTree = "<group>"; };
		08EFC1512AA583D90015C6A8 /* Info.plist */ = {isa = PBXFileReference; lastKnownFileType = text.plist.xml; path = Info.plist; sourceTree = "<group>"; };
		08EFC1562AA583D90015C6A8 /* Tests macOS.xctest */ = {isa = PBXFileReference; explicitFileType = wrapper.cfbundle; includeInIndex = 0; path = "Tests macOS.xctest"; sourceTree = BUILT_PRODUCTS_DIR; };
		08EFC15A2AA583D90015C6A8 /* Tests_macOS.swift */ = {isa = PBXFileReference; lastKnownFileType = sourcecode.swift; path = Tests_macOS.swift; sourceTree = "<group>"; };
		08EFC15C2AA583D90015C6A8 /* Info.plist */ = {isa = PBXFileReference; lastKnownFileType = text.plist.xml; path = Info.plist; sourceTree = "<group>"; };
/* End PBXFileReference section */

/* Begin PBXFrameworksBuildPhase section */
		08EFC1382AA583D90015C6A8 /* Frameworks */ = {
			isa = PBXFrameworksBuildPhase;
			buildActionMask = 2147483647;
			files = (
			);
			runOnlyForDeploymentPostprocessing = 0;
		};
		08EFC1402AA583D90015C6A8 /* Frameworks */ = {
			isa = PBXFrameworksBuildPhase;
			buildActionMask = 2147483647;
			files = (
			);
			runOnlyForDeploymentPostprocessing = 0;
		};
		08EFC1482AA583D90015C6A8 /* Frameworks */ = {
			isa = PBXFrameworksBuildPhase;
			buildActionMask = 2147483647;
			files = (
			);
			runOnlyForDeploymentPostprocessing = 0;
		};
		08EFC1532AA583D90015C6A8 /* Frameworks */ = {
			isa = PBXFrameworksBuildPhase;
			buildActionMask = 2147483647;
			files = (
			);
			runOnlyForDeploymentPostprocessing = 0;
		};
/* End PBXFrameworksBuildPhase section */

/* Begin PBXGroup section */
		08EFC12E2AA583D60015C6A8 = {
			isa = PBXGroup;
			children = (
				08EFC1332AA583D60015C6A8 /* Shared */,
				08EFC13D2AA583D90015C6A8 /* iOS */,
				08EFC1442AA583D90015C6A8 /* macOS */,
				08EFC14E2AA583D90015C6A8 /* Tests iOS */,
				08EFC1592AA583D90015C6A8 /* Tests macOS */,
				08EFC13C2AA583D90015C6A8 /* Products */,
			);
			sourceTree = "<group>";
		};
		08EFC1332AA583D60015C6A8 /* Shared */ = {
			isa = PBXGroup;
			children = (
				08EFC1342AA583D60015C6A8 /* TestApp.swift */,
				08EFC1352AA583D60015C6A8 /* ContentView.swift */,
				08EFC1362AA583D90015C6A8 /* Assets.xcassets */,
			);
			path = Shared;
			sourceTree = "<group>";
		};
		08EFC13C2AA583D90015C6A8 /* Products */ = {
			isa = PBXGroup;
			children = (
				08EFC13B2AA583D90015C6A8 /* Test.app */,
				08EFC1432AA583D90015C6A8 /* Test.app */,
				08EFC14B2AA583D90015C6A8 /* Tests iOS.xctest */,
				08EFC1562AA583D90015C6A8 /* Tests macOS.xctest */,
			);
			name = Products;
			sourceTree = "<group>";
		};
		08EFC13D2AA583D90015C6A8 /* iOS */ = {
			isa = PBXGroup;
			children = (
				08EFC13E2AA583D90015C6A8 /* Info.plist */,
			);
			path = iOS;
			sourceTree = "<group>";
		};
		08EFC1442AA583D90015C6A8 /* macOS */ = {
			isa = PBXGroup;
			children = (
				08EFC1452AA583D90015C6A8 /* Info.plist */,
				08EFC1462AA583D90015C6A8 /* macOS.entitlements */,
			);
			path = macOS;
			sourceTree = "<group>";
		};
		08EFC14E2AA583D90015C6A8 /* Tests iOS */ = {
			isa = PBXGroup;
			children = (
				08EFC14F2AA583D90015C6A8 /* Tests_iOS.swift */,
				08EFC1512AA583D90015C6A8 /* Info.plist */,
			);
			path = "Tests iOS";
			sourceTree = "<group>";
		};
		08EFC1592AA583D90015C6A8 /* Tests macOS */ = {
			isa = PBXGroup;
			children = (
				08EFC15A2AA583D90015C6A8 /* Tests_macOS.swift */,
				08EFC15C2AA583D90015C6A8 /* Info.plist */,
			);
			path = "Tests macOS";
			sourceTree = "<group>";
		};
/* End PBXGroup section */

/* Begin PBXNativeTarget section */
		08EFC13A2AA583D90015C6A8 /* Test (iOS) */ = {
			isa = PBXNativeTarget;
			buildConfigurationList = 08EFC1652AA583D90015C6A8 /* Build configuration list for PBXNativeTarget "Test (iOS)" */;
			buildPhases = (
				08EFC1372AA583D90015C6A8 /* Sources */,
				08EFC1382AA583D90015C6A8 /* Frameworks */,
				08EFC1392AA583D90015C6A8 /* Resources */,
			);
			buildRules = (
			);
			dependencies = (
			);
			name = "Test (iOS)";
			productName = "Test (iOS)";
			productReference = 08EFC13B2AA583D90015C6A8 /* Test.app */;
			productType = "com.apple.product-type.application";
		};
		08EFC1422AA583D90015C6A8 /* Test (macOS) */ = {
			isa = PBXNativeTarget;
			buildConfigurationList = 08EFC1682AA583D90015C6A8 /* Build configuration list for PBXNativeTarget "Test (macOS)" */;
			buildPhases = (
				08EFC13F2AA583D90015C6A8 /* Sources */,
				08EFC1402AA583D90015C6A8 /* Frameworks */,
				08EFC1412AA583D90015C6A8 /* Resources */,
			);
			buildRules = (
			);
			dependencies = (
			);
			name = "Test (macOS)";
			productName = "Test (macOS)";
			productReference = 08EFC1432AA583D90015C6A8 /* Test.app */;
			productType = "com.apple.product-type.application";
		};
		08EFC14A2AA583D90015C6A8 /* Tests iOS */ = {
			isa = PBXNativeTarget;
			buildConfigurationList = 08EFC16B2AA583D90015C6A8 /* Build configuration list for PBXNativeTarget "Tests iOS" */;
			buildPhases = (
				08EFC1472AA583D90015C6A8 /* Sources */,
				08EFC1482AA583D90015C6A8 /* Frameworks */,
				08EFC1492AA583D90015C6A8 /* Resources */,
			);
			buildRules = (
			);
			dependencies = (
				08EFC14D2AA583D90015C6A8 /* PBXTargetDependency */,
			);
			name = "Tests iOS";
			productName = "Tests iOS";
			productReference = 08EFC14B2AA583D90015C6A8 /* Tests iOS.xctest */;
			productType = "com.apple.product-type.bundle.ui-testing";
		};
		08EFC1552AA583D90015C6A8 /* Tests macOS */ = {
			isa = PBXNativeTarget;
			buildConfigurationList = 08EFC16E2AA583D90015C6A8 /* Build configuration list for PBXNativeTarget "Tests macOS" */;
			buildPhases = (
				08EFC1522AA583D90015C6A8 /* Sources */,
				08EFC1532AA583D90015C6A8 /* Frameworks */,
				08EFC1542AA583D90015C6A8 /* Resources */,
			);
			buildRules = (
			);
			dependencies = (
				08EFC1582AA583D90015C6A8 /* PBXTargetDependency */,
			);
			name = "Tests macOS";
			productName = "Tests macOS";
			productReference = 08EFC1562AA583D90015C6A8 /* Tests macOS.xctest */;
			productType = "com.apple.product-type.bundle.ui-testing";
		};
/* End PBXNativeTarget section */

/* Begin PBXProject section */
		08EFC12F2AA583D60015C6A8 /* Project object */ = {
			isa = PBXProject;
			attributes = {
				LastSwiftUpdateCheck = 1220;
				LastUpgradeCheck = 1220;
				TargetAttributes = {
					08EFC13A2AA583D90015C6A8 = {
						CreatedOnToolsVersion = 12.2;
					};
					08EFC1422AA583D90015C6A8 = {
						CreatedOnToolsVersion = 12.2;
					};
					08EFC14A2AA583D90015C6A8 = {
						CreatedOnToolsVersion = 12.2;
						TestTargetID = 08EFC13A2AA583D90015C6A8;
					};
					08EFC1552AA583D90015C6A8 = {
						CreatedOnToolsVersion = 12.2;
						TestTargetID = 08EFC1422AA583D90015C6A8;
					};
				};
			};
			buildConfigurationList = 08EFC1322AA583D60015C6A8 /* Build configuration list for PBXProject "Test" */;
			compatibilityVersion = "Xcode 9.3";
			developmentRegion = en;
			hasScannedForEncodings = 0;
			knownRegions = (
				en,
				Base,
			);
			mainGroup = 08EFC12E2AA583D60015C6A8;
			productRefGroup = 08EFC13C2AA583D90015C6A8 /* Products */;
			projectDirPath = "";
			projectRoot = "";
			targets = (
				08EFC13A2AA583D90015C6A8 /* Test (iOS) */,
				08EFC1422AA583D90015C6A8 /* Test (macOS) */,
				08EFC14A2AA583D90015C6A8 /* Tests iOS */,
				08EFC1552AA583D90015C6A8 /* Tests macOS */,
			);
		};
/* End PBXProject section */

/* Begin PBXResourcesBuildPhase section */
		08EFC1392AA583D90015C6A8 /* Resources */ = {
			isa = PBXResourcesBuildPhase;
			buildActionMask = 2147483647;
			files = (
				08EFC1612AA583D90015C6A8 /* Assets.xcassets in Resources */,
			);
			runOnlyForDeploymentPostprocessing = 0;
		};
		08EFC1412AA583D90015C6A8 /* Resources */ = {
			isa = PBXResourcesBuildPhase;
			buildActionMask = 2147483647;
			files = (
				08EFC1622AA583D90015C6A8 /* Assets.xcassets in Resources */,
			);
			runOnlyForDeploymentPostprocessing = 0;
		};
		08EFC1492AA583D90015C6A8 /* Resources */ = {
			isa = PBXResourcesBuildPhase;
			buildActionMask = 2147483647;
			files = (
			);
			runOnlyForDeploymentPostprocessing = 0;
		};
		08EFC1542AA583D90015C6A8 /* Resources */ = {
			isa = PBXResourcesBuildPhase;
			buildActionMask = 2147483647;
			files = (
			);
			runOnlyForDeploymentPostprocessing = 0;
		};
/* End PBXResourcesBuildPhase section */

/* Begin PBXSourcesBuildPhase section */
		08EFC1372AA583D90015C6A8 /* Sources */ = {
			isa = PBXSourcesBuildPhase;
			buildActionMask = 2147483647;
			files = (
				08EFC15F2AA583D90015C6A8 /* ContentView.swift in Sources */,
				08EFC15D2AA583D90015C6A8 /* TestApp.swift in Sources */,
			);
			runOnlyForDeploymentPostprocessing = 0;
		};
		08EFC13F2AA583D90015C6A8 /* Sources */ = {
			isa = PBXSourcesBuildPhase;
			buildActionMask = 2147483647;
			files = (
				08EFC1602AA583D90015C6A8 /* ContentView.swift in Sources */,
				08EFC15E2AA583D90015C6A8 /* TestApp.swift in Sources */,
			);
			runOnlyForDeploymentPostprocessing = 0;
		};
		08EFC1472AA583D90015C6A8 /* Sources */ = {
			isa = PBXSourcesBuildPhase;
			buildActionMask = 2147483647;
			files = (
				08EFC1502AA583D90015C6A8 /* Tests_iOS.swift in Sources */,
			);
			runOnlyForDeploymentPostprocessing = 0;
		};
		08EFC1522AA583D90015C6A8 /* Sources */ = {
			isa = PBXSourcesBuildPhase;
			buildActionMask = 2147483647;
			files = (
				08EFC15B2AA583D90015C6A8 /* Tests_macOS.swift in Sources */,
			);
			runOnlyForDeploymentPostprocessing = 0;
		};
/* End PBXSourcesBuildPhase section */

/* Begin PBXTargetDependency section */
		08EFC14D2AA583D90015C6A8 /* PBXTargetDependency */ = {
			isa = PBXTargetDependency;
			target = 08EFC13A2AA583D90015C6A8 /* Test (iOS) */;
			targetProxy = 08EFC14C2AA583D90015C6A8 /* PBXContainerItemProxy */;
		};
		08EFC1582AA583D90015C6A8 /* PBXTargetDependency */ = {
			isa = PBXTargetDependency;
			target = 08EFC1422AA583D90015C6A8 /* Test (macOS) */;
			targetProxy = 08EFC1572AA583D90015C6A8 /* PBXContainerItemProxy */;
		};
/* End PBXTargetDependency section */

/* Begin XCBuildConfiguration section */
		08EFC1632AA583D90015C6A8 /* Debug */ = {
			isa = XCBuildConfiguration;
			buildSettings = {
				ALWAYS_SEARCH_USER_PATHS = NO;
				CLANG_ANALYZER_NONNULL = YES;
				CLANG_ANALYZER_NUMBER_OBJECT_CONVERSION = YES_AGGRESSIVE;
				CLANG_CXX_LANGUAGE_STANDARD = "gnu++14";
				CLANG_CXX_LIBRARY = "libc++";
				CLANG_ENABLE_MODULES = YES;
				CLANG_ENABLE_OBJC_ARC = YES;
				CLANG_ENABLE_OBJC_WEAK = YES;
				CLANG_WARN_BLOCK_CAPTURE_AUTORELEASING = YES;
				CLANG_WARN_BOOL_CONVERSION = YES;
				CLANG_WARN_COMMA = YES;
				CLANG_WARN_CONSTANT_CONVERSION = YES;
				CLANG_WARN_DEPRECATED_OBJC_IMPLEMENTATIONS = YES;
				CLANG_WARN_DIRECT_OBJC_ISA_USAGE = YES_ERROR;
				CLANG_WARN_DOCUMENTATION_COMMENTS = YES;
				CLANG_WARN_EMPTY_BODY = YES;
				CLANG_WARN_ENUM_CONVERSION = YES;
				CLANG_WARN_INFINITE_RECURSION = YES;
				CLANG_WARN_INT_CONVERSION = YES;
				CLANG_WARN_NON_LITERAL_NULL_CONVERSION = YES;
				CLANG_WARN_OBJC_IMPLICIT_RETAIN_SELF = YES;
				CLANG_WARN_OBJC_LITERAL_CONVERSION = YES;
				CLANG_WARN_OBJC_ROOT_CLASS = YES_ERROR;
				CLANG_WARN_QUOTED_INCLUDE_IN_FRAMEWORK_HEADER = YES;
				CLANG_WARN_RANGE_LOOP_ANALYSIS = YES;
				CLANG_WARN_STRICT_PROTOTYPES = YES;
				CLANG_WARN_SUSPICIOUS_MOVE = YES;
				CLANG_WARN_UNGUARDED_AVAILABILITY = YES_AGGRESSIVE;
				CLANG_WARN_UNREACHABLE_CODE = YES;
				CLANG_WARN__DUPLICATE_METHOD_MATCH = YES;
				COPY_PHASE_STRIP = NO;
				DEBUG_INFORMATION_FORMAT = dwarf;
				ENABLE_STRICT_OBJC_MSGSEND = YES;
				ENABLE_TESTABILITY = YES;
				GCC_C_LANGUAGE_STANDARD = gnu11;
				GCC_DYNAMIC_NO_PIC = NO;
				GCC_NO_COMMON_BLOCKS = YES;
				GCC_OPTIMIZATION_LEVEL = 0;
				GCC_PREPROCESSOR_DEFINITIONS = (
					"DEBUG=1",
					"$(inherited)",
				);
				GCC_WARN_64_TO_32_BIT_CONVERSION = YES;
				GCC_WARN_ABOUT_RETURN_TYPE = YES_ERROR;
				GCC_WARN_UNDECLARED_SELECTOR = YES;
				GCC_WARN_UNINITIALIZED_AUTOS = YES_AGGRESSIVE;
				GCC_WARN_UNUSED_FUNCTION = YES;
				GCC_WARN_UNUSED_VARIABLE = YES;
				MTL_ENABLE_DEBUG_INFO = INCLUDE_SOURCE;
				MTL_FAST_MATH = YES;
				ONLY_ACTIVE_ARCH = YES;
				SWIFT_ACTIVE_COMPILATION_CONDITIONS = DEBUG;
				SWIFT_OPTIMIZATION_LEVEL = "-Onone";
			};
			name = Debug;
		};
		08EFC1642AA583D90015C6A8 /* Release */ = {
			isa = XCBuildConfiguration;
			buildSettings = {
				ALWAYS_SEARCH_USER_PATHS = NO;
				CLANG_ANALYZER_NONNULL = YES;
				CLANG_ANALYZER_NUMBER_OBJECT_CONVERSION = YES_AGGRESSIVE;
				CLANG_CXX_LANGUAGE_STANDARD = "gnu++14";
				CLANG_CXX_LIBRARY = "libc++";
				CLANG_ENABLE_MODULES = YES;
				CLANG_ENABLE_OBJC_ARC = YES;
				CLANG_ENABLE_OBJC_WEAK = YES;
				CLANG_WARN_BLOCK_CAPTURE_AUTORELEASING = YES;
				CLANG_WARN_BOOL_CONVERSION = YES;
				CLANG_WARN_COMMA = YES;
				CLANG_WARN_CONSTANT_CONVERSION = YES;
				CLANG_WARN_DEPRECATED_OBJC_IMPLEMENTATIONS = YES;
				CLANG_WARN_DIRECT_OBJC_ISA_USAGE = YES_ERROR;
				CLANG_WARN_DOCUMENTATION_COMMENTS = YES;
				CLANG_WARN_EMPTY_BODY = YES;
				CLANG_WARN_ENUM_CONVERSION = YES;
				CLANG_WARN_INFINITE_RECURSION = YES;
				CLANG_WARN_INT_CONVERSION = YES;
				CLANG_WARN_NON_LITERAL_NULL_CONVERSION = YES;
				CLANG_WARN_OBJC_IMPLICIT_RETAIN_SELF = YES;
				CLANG_WARN_OBJC_LITERAL_CONVERSION = YES;
				CLANG_WARN_OBJC_ROOT_CLASS = YES_ERROR;
				CLANG_WARN_QUOTED_INCLUDE_IN_FRAMEWORK_HEADER = YES;
				CLANG_WARN_RANGE_LOOP_ANALYSIS = YES;
				CLANG_WARN_STRICT_PROTOTYPES = YES;
				CLANG_WARN_SUSPICIOUS_MOVE = YES;
				CLANG_WARN_UNGUARDED_AVAILABILITY = YES_AGGRESSIVE;
				CLANG_WARN_UNREACHABLE_CODE = YES;
				CLANG_WARN__DUPLICATE_METHOD_MATCH = YES;
				COPY_PHASE_STRIP = NO;
				DEBUG_INFORMATION_FORMAT = "dwarf-with-dsym";
				ENABLE_NS_ASSERTIONS = NO;
				ENABLE_STRICT_OBJC_MSGSEND = YES;
				GCC_C_LANGUAGE_STANDARD = gnu11;
				GCC_NO_COMMON_BLOCKS = YES;
				GCC_WARN_64_TO_32_BIT_CONVERSION = YES;
				GCC_WARN_ABOUT_RETURN_TYPE = YES_ERROR;
				GCC_WARN_UNDECLARED_SELECTOR = YES;
				GCC_WARN_UNINITIALIZED_AUTOS = YES_AGGRESSIVE;
				GCC_WARN_UNUSED_FUNCTION = YES;
				GCC_WARN_UNUSED_VARIABLE = YES;
				MTL_ENABLE_DEBUG_INFO = NO;
				MTL_FAST_MATH = YES;
				SWIFT_COMPILATION_MODE = wholemodule;
				SWIFT_OPTIMIZATION_LEVEL = "-O";
			};
			name = Release;
		};
		08EFC1662AA583D90015C6A8 /* Debug */ = {
			isa = XCBuildConfiguration;
			buildSettings = {
				ASSETCATALOG_COMPILER_APPICON_NAME = AppIcon;
				ASSETCATALOG_COMPILER_GLOBAL_ACCENT_COLOR_NAME = AccentColor;
				CODE_SIGN_STYLE = Automatic;
				ENABLE_PREVIEWS = YES;
				INFOPLIST_FILE = iOS/Info.plist;
				IPHONEOS_DEPLOYMENT_TARGET = 14.0;
				LD_RUNPATH_SEARCH_PATHS = (
					"$(inherited)",
					"@executable_path/Frameworks",
				);
				PRODUCT_BUNDLE_IDENTIFIER = com.nocrime.Test;
				PRODUCT_NAME = Test;
				SDKROOT = iphoneos;
				SWIFT_VERSION = 5.0;
				TARGETED_DEVICE_FAMILY = "1,2";
			};
			name = Debug;
		};
		08EFC1672AA583D90015C6A8 /* Release */ = {
			isa = XCBuildConfiguration;
			buildSettings = {
				ASSETCATALOG_COMPILER_APPICON_NAME = AppIcon;
				ASSETCATALOG_COMPILER_GLOBAL_ACCENT_COLOR_NAME = AccentColor;
				CODE_SIGN_STYLE = Automatic;
				ENABLE_PREVIEWS = YES;
				INFOPLIST_FILE = iOS/Info.plist;
				IPHONEOS_DEPLOYMENT_TARGET = 14.0;
				LD_RUNPATH_SEARCH_PATHS = (
					"$(inherited)",
					"@executable_path/Frameworks",
				);
				PRODUCT_BUNDLE_IDENTIFIER = com.nocrime.Test;
				PRODUCT_NAME = Test;
				SDKROOT = iphoneos;
				SWIFT_VERSION = 5.0;
				TARGETED_DEVICE_FAMILY = "1,2";
				VALIDATE_PRODUCT = YES;
			};
			name = Release;
		};
		08EFC1692AA583D90015C6A8 /* Debug */ = {
			isa = XCBuildConfiguration;
			buildSettings = {
				ASSETCATALOG_COMPILER_APPICON_NAME = AppIcon;
				ASSETCATALOG_COMPILER_GLOBAL_ACCENT_COLOR_NAME = AccentColor;
				CODE_SIGN_ENTITLEMENTS = macOS/macOS.entitlements;
				CODE_SIGN_STYLE = Automatic;
				COMBINE_HIDPI_IMAGES = YES;
				ENABLE_PREVIEWS = YES;
				INFOPLIST_FILE = macOS/Info.plist;
				LD_RUNPATH_SEARCH_PATHS = (
					"$(inherited)",
					"@executable_path/../Frameworks",
				);
				MACOSX_DEPLOYMENT_TARGET = 11.0;
				PRODUCT_BUNDLE_IDENTIFIER = com.nocrime.Test;
				PRODUCT_NAME = Test;
				SDKROOT = macosx;
				SWIFT_VERSION = 5.0;
			};
			name = Debug;
		};
		08EFC16A2AA583D90015C6A8 /* Release */ = {
			isa = XCBuildConfiguration;
			buildSettings = {
				ASSETCATALOG_COMPILER_APPICON_NAME = AppIcon;
				ASSETCATALOG_COMPILER_GLOBAL_ACCENT_COLOR_NAME = AccentColor;
				CODE_SIGN_ENTITLEMENTS = macOS/macOS.entitlements;
				CODE_SIGN_STYLE = Automatic;
				COMBINE_HIDPI_IMAGES = YES;
				ENABLE_PREVIEWS = YES;
				INFOPLIST_FILE = macOS/Info.plist;
				LD_RUNPATH_SEARCH_PATHS = (
					"$(inherited)",
					"@executable_path/../Frameworks",
				);
				MACOSX_DEPLOYMENT_TARGET = 11.0;
				PRODUCT_BUNDLE_IDENTIFIER = com.nocrime.Test;
				PRODUCT_NAME = Test;
				SDKROOT = macosx;
				SWIFT_VERSION = 5.0;
			};
			name = Release;
		};
		08EFC16C2AA583D90015C6A8 /* Debug */ = {
			isa = XCBuildConfiguration;
			buildSettings = {
				ALWAYS_EMBED_SWIFT_STANDARD_LIBRARIES = YES;
				CODE_SIGN_STYLE = Automatic;
				INFOPLIST_FILE = "Tests iOS/Info.plist";
				IPHONEOS_DEPLOYMENT_TARGET = 14.2;
				LD_RUNPATH_SEARCH_PATHS = (
					"$(inherited)",
					"@executable_path/Frameworks",
					"@loader_path/Frameworks",
				);
				PRODUCT_BUNDLE_IDENTIFIER = "com.nocrime.Tests-iOS";
				PRODUCT_NAME = "$(TARGET_NAME)";
				SDKROOT = iphoneos;
				SWIFT_VERSION = 5.0;
				TARGETED_DEVICE_FAMILY = "1,2";
				TEST_TARGET_NAME = "Test (iOS)";
			};
			name = Debug;
		};
		08EFC16D2AA583D90015C6A8 /* Release */ = {
			isa = XCBuildConfiguration;
			buildSettings = {
				ALWAYS_EMBED_SWIFT_STANDARD_LIBRARIES = YES;
				CODE_SIGN_STYLE = Automatic;
				INFOPLIST_FILE = "Tests iOS/Info.plist";
				IPHONEOS_DEPLOYMENT_TARGET = 14.2;
				LD_RUNPATH_SEARCH_PATHS = (
					"$(inherited)",
					"@executable_path/Frameworks",
					"@loader_path/Frameworks",
				);
				PRODUCT_BUNDLE_IDENTIFIER = "com.nocrime.Tests-iOS";
				PRODUCT_NAME = "$(TARGET_NAME)";
				SDKROOT = iphoneos;
				SWIFT_VERSION = 5.0;
				TARGETED_DEVICE_FAMILY = "1,2";
				TEST_TARGET_NAME = "Test (iOS)";
				VALIDATE_PRODUCT = YES;
			};
			name = Release;
		};
		08EFC16F2AA583D90015C6A8 /* Debug */ = {
			isa = XCBuildConfiguration;
			buildSettings = {
				ALWAYS_EMBED_SWIFT_STANDARD_LIBRARIES = YES;
				CODE_SIGN_STYLE = Automatic;
				COMBINE_HIDPI_IMAGES = YES;
				INFOPLIST_FILE = "Tests macOS/Info.plist";
				LD_RUNPATH_SEARCH_PATHS = (
					"$(inherited)",
					"@executable_path/../Frameworks",
					"@loader_path/../Frameworks",
				);
				MACOSX_DEPLOYMENT_TARGET = 11.0;
				PRODUCT_BUNDLE_IDENTIFIER = "com.nocrime.Tests-macOS";
				PRODUCT_NAME = "$(TARGET_NAME)";
				SDKROOT = macosx;
				SWIFT_VERSION = 5.0;
				TEST_TARGET_NAME = "Test (macOS)";
			};
			name = Debug;
		};
		08EFC1702AA583D90015C6A8 /* Release */ = {
			isa = XCBuildConfiguration;
			buildSettings = {
				ALWAYS_EMBED_SWIFT_STANDARD_LIBRARIES = YES;
				CODE_SIGN_STYLE = Automatic;
				COMBINE_HIDPI_IMAGES = YES;
				INFOPLIST_FILE = "Tests macOS/Info.plist";
				LD_RUNPATH_SEARCH_PATHS = (
					"$(inherited)",
					"@executable_path/../Frameworks",
					"@loader_path/../Frameworks",
				);
				MACOSX_DEPLOYMENT_TARGET = 11.0;
				PRODUCT_BUNDLE_IDENTIFIER = "com.nocrime.Tests-macOS";
				PRODUCT_NAME = "$(TARGET_NAME)";
				SDKROOT = macosx;
				SWIFT_VERSION = 5.0;
				TEST_TARGET_NAME = "Test (macOS)";
			};
			name = Release;
		};
/* End XCBuildConfiguration section */

/* Begin XCConfigurationList section */
		08EFC1322AA583D60015C6A8 /* Build configuration list for PBXProject "Test" */ = {
			isa = XCConfigurationList;
			buildConfigurations = (
				08EFC1632AA583D90015C6A8 /* Debug */,
				08EFC1642AA583D90015C6A8 /* Release */,
			);
			defaultConfigurationIsVisible = 0;
			defaultConfigurationName = Release;
		};
		08EFC1652AA583D90015C6A8 /* Build configuration list for PBXNativeTarget "Test (iOS)" */ = {
			isa = XCConfigurationList;
			buildConfigurations = (
				08EFC1662AA583D90015C6A8 /* Debug */,
				08EFC1672AA583D90015C6A8 /* Release */,
			);
			defaultConfigurationIsVisible = 0;
			defaultConfigurationName = Release;
		};
		08EFC1682AA583D90015C6A8 /* Build configuration list for PBXNativeTarget "Test (macOS)" */ = {
			isa = XCConfigurationList;
			buildConfigurations = (
				08EFC1692AA583D90015C6A8 /* Debug */,
				08EFC16A2AA583D90015C6A8 /* Release */,
			);
			defaultConfigurationIsVisible = 0;
			defaultConfigurationName = Release;
		};
		08EFC16B2AA583D90015C6A8 /* Build configuration list for PBXNativeTarget "Tests iOS" */ = {
			isa = XCConfigurationList;
			buildConfigurations = (
				08EFC16C2AA583D90015C6A8 /* Debug */,
				08EFC16D2AA583D90015C6A8 /* Release */,
			);
			defaultConfigurationIsVisible = 0;
			defaultConfigurationName = Release;
		};
		08EFC16E2AA583D90015C6A8 /* Build configuration list for PBXNativeTarget "Tests macOS" */ = {
			isa = XCConfigurationList;
			buildConfigurations = (
				08EFC16F2AA583D90015C6A8 /* Debug */,
				08EFC1702AA583D90015C6A8 /* Release */,
			);
			defaultConfigurationIsVisible = 0;
			defaultConfigurationName = Release;
		};
/* End XCConfigurationList section */
	};
	rootObject = 08EFC12F2AA583D60015C6A8 /* Project object */;
}
